<Solution>
  <Folder Name="/Solution Items/">
    <File Path="Directory.Packages.props" />
  </Folder>
  <Folder Name="/src/">
    <Project Path="src/JobTracker.Api/JobTracker.Api.csproj" />
    <Project Path="src/JobTracker.Application/JobTracker.Application.csproj" />
    <Project Path="src/JobTracker.Domain/JobTracker.Domain.csproj" Id="bd15f2ae-cac8-45c7-99d9-9b7d191570c1" />
    <Project Path="src/JobTracker.Persistence/JobTracker.Persistence.csproj" Id="5f73adec-fb22-4d1a-8b7a-a7af4bd63f41" />
  </Folder>
  <Folder Name="/tests/" />
</Solution>
