<Solution>
  <Folder Name="/Solution Items/">
    <File Path="Directory.Packages.props" />
    <File Path="docker-compose.yaml" />
    <File Path="JobTracker.postman_collection.json" />
  </Folder>
  <Folder Name="/src/">
    <Project Path="src/JobTracker.Api/JobTracker.Api.csproj" />
    <Project Path="src/JobTracker.Application/JobTracker.Application.csproj" />
    <Project Path="src/JobTracker.BackgroundJob/JobTracker.BackgroundJob.csproj" />
    <Project Path="src/JobTracker.Domain/JobTracker.Domain.csproj" Id="bd15f2ae-cac8-45c7-99d9-9b7d191570c1" />
    <Project Path="src/JobTracker.Jobs.IntegrationEvents/JobTracker.Jobs.IntegrationEvents.csproj" />
    <Project Path="src/JobTracker.Persistence/JobTracker.Persistence.csproj" Id="5f73adec-fb22-4d1a-8b7a-a7af4bd63f41" />
  </Folder>
  <Folder Name="/tests/">
    <Project Path="tests/JobTracker.Tests/JobTracker.Tests.csproj" Id="683606d7-9e1c-48b7-b3d1-1d3bf5f36af8" />
  </Folder>
</Solution>
